<?xml version="1.0" encoding="utf-8"?>
<Project ToolsVersion="4.0" xmlns="http://schemas.microsoft.com/developer/msbuild/2003">
  <ItemGroup>
    <Filter Include="Resource Files">
      <UniqueIdentifier>{67DA6AB6-F800-4c08-8B7A-83BB121AAD01}</UniqueIdentifier>
      <Extensions>rc;ico;cur;bmp;dlg;rc2;rct;bin;rgs;gif;jpg;jpeg;jpe;resx;tiff;tif;png;wav</Extensions>
    </Filter>
    <Filter Include="Rendering">
      <UniqueIdentifier>{8a6af3d7-d356-4be7-9653-9560748311b7}</UniqueIdentifier>
    </Filter>
    <Filter Include="Math">
      <UniqueIdentifier>{70d5fc25-caf9-4a0c-985e-6c22f197e2cc}</UniqueIdentifier>
    </Filter>
    <Filter Include="Scene">
      <UniqueIdentifier>{807f528e-5064-41ab-ba4b-80ae47348a9e}</UniqueIdentifier>
      <Extensions>
      </Extensions>
    </Filter>
    <Filter Include="Application">
      <UniqueIdentifier>{76917075-7079-4b73-a31e-30d41fbc4013}</UniqueIdentifier>
    </Filter>
    <Filter Include="Geometry">
      <UniqueIdentifier>{a86ceddb-9ab9-4313-809f-c4fa963ef2fb}</UniqueIdentifier>
    </Filter>
    <Filter Include="Utils">
      <UniqueIdentifier>{4ebd6c78-ede8-408b-9ade-f9f143a99717}</UniqueIdentifier>
    </Filter>
    <Filter Include="Shaders">
      <UniqueIdentifier>{3ca4d186-9e01-453f-aa66-3ecd987df8f6}</UniqueIdentifier>
    </Filter>
    <Filter Include="ThirdParty">
      <UniqueIdentifier>{60323721-6c10-46fc-8c8f-c6441907260c}</UniqueIdentifier>
    </Filter>
    <Filter Include="ThirdParty\GLEW">
      <UniqueIdentifier>{97861cbf-9f49-4998-950b-9916d0ac55b6}</UniqueIdentifier>
    </Filter>
    <Filter Include="ThirdParty\TinyXML">
      <UniqueIdentifier>{bf19c024-6c69-4ccf-9d0c-f5fac9d20e36}</UniqueIdentifier>
    </Filter>
    <Filter Include="ThirdParty\STB">
      <UniqueIdentifier>{20a1424f-5694-442a-9d8e-ee180d5114d2}</UniqueIdentifier>
    </Filter>
    <Filter Include="Core">
      <UniqueIdentifier>{d3823a06-0aea-4a4e-af95-ceb9ac7b58bc}</UniqueIdentifier>
    </Filter>
    <Filter Include="Physics">
      <UniqueIdentifier>{f076d51d-0a0c-43b6-a1bb-5511e0d7413a}</UniqueIdentifier>
    </Filter>
    <Filter Include="UI">
      <UniqueIdentifier>{558b416e-9eb2-4138-b214-8ce853cecbc8}</UniqueIdentifier>
    </Filter>
    <Filter Include="Scripting">
      <UniqueIdentifier>{7412e3da-e8bf-4814-9ed1-8c1e38581b12}</UniqueIdentifier>
    </Filter>
    <Filter Include="Scripting\Bindings">
      <UniqueIdentifier>{c1d8b1c3-d331-4447-8d80-4966f75cf604}</UniqueIdentifier>
    </Filter>
    <Filter Include="Audio">
      <UniqueIdentifier>{69e533eb-1c94-4e4a-bf09-2b4c3dcdb178}</UniqueIdentifier>
    </Filter>
    <Filter Include="ThirdParty\LuaIntf">
      <UniqueIdentifier>{464c9f56-aa96-4488-9209-737a34a9f7c2}</UniqueIdentifier>
    </Filter>
  </ItemGroup>
  <ItemGroup>
    <ClCompile Include="Rendering\Font.cpp">
      <Filter>Rendering</Filter>
    </ClCompile>
    <ClCompile Include="Rendering\FrameBuffer.cpp">
      <Filter>Rendering</Filter>
    </ClCompile>
    <ClCompile Include="Rendering\Renderer.cpp">
      <Filter>Rendering</Filter>
    </ClCompile>
    <ClCompile Include="Rendering\RenderQueue.cpp">
      <Filter>Rendering</Filter>
    </ClCompile>
    <ClCompile Include="Rendering\Texture.cpp">
      <Filter>Rendering</Filter>
    </ClCompile>
    <ClCompile Include="Math\BoundingBox.cpp">
      <Filter>Math</Filter>
    </ClCompile>
    <ClCompile Include="Math\Frustum.cpp">
      <Filter>Math</Filter>
    </ClCompile>
    <ClCompile Include="Math\mat3.cpp">
      <Filter>Math</Filter>
    </ClCompile>
    <ClCompile Include="Math\mat4.cpp">
      <Filter>Math</Filter>
    </ClCompile>
    <ClCompile Include="Math\Plane.cpp">
      <Filter>Math</Filter>
    </ClCompile>
    <ClCompile Include="Math\vec2.cpp">
      <Filter>Math</Filter>
    </ClCompile>
    <ClCompile Include="Math\vec3.cpp">
      <Filter>Math</Filter>
    </ClCompile>
    <ClCompile Include="Math\vec4.cpp">
      <Filter>Math</Filter>
    </ClCompile>
    <ClCompile Include="Application\Application.cpp">
      <Filter>Application</Filter>
    </ClCompile>
    <ClCompile Include="Geometry\Geometry.cpp">
      <Filter>Geometry</Filter>
    </ClCompile>
    <ClCompile Include="Geometry\GeometryGenerator.cpp">
      <Filter>Geometry</Filter>
    </ClCompile>
    <ClCompile Include="Utils\Filesystem.cpp">
      <Filter>Utils</Filter>
    </ClCompile>
    <ClCompile Include="Utils\Image.cpp">
      <Filter>Utils</Filter>
    </ClCompile>
    <ClCompile Include="Utils\Logger.cpp">
      <Filter>Utils</Filter>
    </ClCompile>
    <ClCompile Include="Utils\Timer.cpp">
      <Filter>Utils</Filter>
    </ClCompile>
    <ClCompile Include="Utils\utils.cpp">
      <Filter>Utils</Filter>
    </ClCompile>
    <ClCompile Include="Scene\Camera.cpp">
      <Filter>Scene</Filter>
    </ClCompile>
    <ClCompile Include="Scene\Node.cpp">
      <Filter>Scene</Filter>
    </ClCompile>
    <ClCompile Include="Application\Input.cpp">
      <Filter>Application</Filter>
    </ClCompile>
    <ClCompile Include="Scene\Light.cpp">
      <Filter>Scene</Filter>
    </ClCompile>
    <ClCompile Include="ThirdParty\GLEW\glew.c">
      <Filter>ThirdParty\GLEW</Filter>
    </ClCompile>
    <ClCompile Include="ThirdParty\TinyXML\tinyxml.cpp">
      <Filter>ThirdParty\TinyXML</Filter>
    </ClCompile>
    <ClCompile Include="ThirdParty\TinyXML\tinyxmlerror.cpp">
      <Filter>ThirdParty\TinyXML</Filter>
    </ClCompile>
    <ClCompile Include="ThirdParty\TinyXML\tinyxmlparser.cpp">
      <Filter>ThirdParty\TinyXML</Filter>
    </ClCompile>
    <ClCompile Include="ThirdParty\STB\stb_image.c">
      <Filter>ThirdParty\STB</Filter>
    </ClCompile>
    <ClCompile Include="Math\MathUtils.cpp">
      <Filter>Math</Filter>
    </ClCompile>
    <ClCompile Include="Utils\StringHash.cpp">
      <Filter>Utils</Filter>
    </ClCompile>
    <ClCompile Include="Core\Component.cpp">
      <Filter>Core</Filter>
    </ClCompile>
    <ClCompile Include="Rendering\GraphicsResource.cpp">
      <Filter>Rendering</Filter>
    </ClCompile>
    <ClCompile Include="Core\Engine.cpp">
      <Filter>Core</Filter>
    </ClCompile>
    <ClCompile Include="Core\Object.cpp">
      <Filter>Core</Filter>
    </ClCompile>
    <ClCompile Include="Rendering\VertexBuffer.cpp">
      <Filter>Rendering</Filter>
    </ClCompile>
    <ClCompile Include="Rendering\IndexBuffer.cpp">
      <Filter>Rendering</Filter>
    </ClCompile>
    <ClCompile Include="Rendering\ShaderTemplate.cpp">
      <Filter>Rendering</Filter>
    </ClCompile>
    <ClCompile Include="Rendering\RenderingTypes.cpp">
      <Filter>Rendering</Filter>
    </ClCompile>
    <ClCompile Include="Rendering\Shader.cpp">
      <Filter>Rendering</Filter>
    </ClCompile>
    <ClCompile Include="Rendering\Technique.cpp">
      <Filter>Rendering</Filter>
    </ClCompile>
    <ClCompile Include="Core\Resource.cpp">
      <Filter>Core</Filter>
    </ClCompile>
    <ClCompile Include="Core\Variant.cpp">
      <Filter>Core</Filter>
    </ClCompile>
    <ClCompile Include="Math\Ray.cpp">
      <Filter>Math</Filter>
    </ClCompile>
    <ClCompile Include="Geometry\CollisionQuery.cpp">
      <Filter>Geometry</Filter>
    </ClCompile>
    <ClCompile Include="Rendering\DebugRenderer.cpp">
      <Filter>Rendering</Filter>
    </ClCompile>
    <ClCompile Include="Rendering\RenderPath.cpp">
      <Filter>Rendering</Filter>
    </ClCompile>
    <ClCompile Include="Core\ResourceCache.cpp">
      <Filter>Core</Filter>
    </ClCompile>
    <ClCompile Include="Rendering\RenderSurface.cpp">
      <Filter>Rendering</Filter>
    </ClCompile>
    <ClCompile Include="Core\Memory.cpp">
      <Filter>Core</Filter>
    </ClCompile>
    <ClCompile Include="Scene\OrbitCamera.cpp">
      <Filter>Scene</Filter>
    </ClCompile>
    <ClCompile Include="Physics\CollisionShape.cpp">
      <Filter>Physics</Filter>
    </ClCompile>
    <ClCompile Include="Physics\PhysicsWorld.cpp">
      <Filter>Physics</Filter>
    </ClCompile>
    <ClCompile Include="Core\Events.cpp">
      <Filter>Core</Filter>
    </ClCompile>
    <ClCompile Include="Physics\CharacterController.cpp">
      <Filter>Physics</Filter>
    </ClCompile>
    <ClCompile Include="Math\quat.cpp">
      <Filter>Math</Filter>
    </ClCompile>
    <ClCompile Include="ThirdParty\STB\stb_image_write.c">
      <Filter>ThirdParty\STB</Filter>
    </ClCompile>
    <ClCompile Include="Rendering\Frame.cpp">
      <Filter>Rendering</Filter>
    </ClCompile>
    <ClCompile Include="UI\UI.cpp">
      <Filter>UI</Filter>
    </ClCompile>
    <ClCompile Include="UI\UIElement.cpp">
      <Filter>UI</Filter>
    </ClCompile>
    <ClCompile Include="UI\UIText.cpp">
      <Filter>UI</Filter>
    </ClCompile>
    <ClCompile Include="Scripting\LuaState.cpp">
      <Filter>Scripting</Filter>
    </ClCompile>
    <ClCompile Include="Scripting\LuaScript.cpp">
      <Filter>Scripting</Filter>
    </ClCompile>
    <ClCompile Include="Scripting\LuaBindings.cpp">
      <Filter>Scripting</Filter>
    </ClCompile>
    <ClCompile Include="Scripting\LuaFile.cpp">
      <Filter>Scripting</Filter>
    </ClCompile>
    <ClCompile Include="Rendering\Material.cpp">
      <Filter>Rendering</Filter>
    </ClCompile>
    <ClCompile Include="Scene\Terrain.cpp">
      <Filter>Scene</Filter>
    </ClCompile>
    <ClCompile Include="Scene\AnimatedModel.cpp">
      <Filter>Scene</Filter>
    </ClCompile>
    <ClCompile Include="Scene\CustomGeometry.cpp">
      <Filter>Scene</Filter>
    </ClCompile>
    <ClCompile Include="Scene\ParticleEmitter.cpp">
      <Filter>Scene</Filter>
    </ClCompile>
    <ClCompile Include="Scene\Renderable.cpp">
      <Filter>Scene</Filter>
    </ClCompile>
    <ClCompile Include="Scene\Scene.cpp">
      <Filter>Scene</Filter>
    </ClCompile>
    <ClCompile Include="Scene\StaticModel.cpp">
      <Filter>Scene</Filter>
    </ClCompile>
    <ClCompile Include="Physics\RigidBody.cpp">
      <Filter>Physics</Filter>
    </ClCompile>
    <ClCompile Include="Scripting\LuaFunction.cpp">
      <Filter>Scripting</Filter>
    </ClCompile>
    <ClCompile Include="Scripting\Bindings\CoreBindings.cpp">
      <Filter>Scripting\Bindings</Filter>
    </ClCompile>
    <ClCompile Include="Scripting\Bindings\GeometryBindings.cpp">
      <Filter>Scripting\Bindings</Filter>
    </ClCompile>
    <ClCompile Include="Scripting\Bindings\MathBindings.cpp">
      <Filter>Scripting\Bindings</Filter>
    </ClCompile>
    <ClCompile Include="Scripting\Bindings\PhysicsBindings.cpp">
      <Filter>Scripting\Bindings</Filter>
    </ClCompile>
    <ClCompile Include="Scripting\Bindings\RenderingBindings.cpp">
      <Filter>Scripting\Bindings</Filter>
    </ClCompile>
    <ClCompile Include="Scripting\Bindings\SceneBindings.cpp">
      <Filter>Scripting\Bindings</Filter>
    </ClCompile>
    <ClCompile Include="Scripting\Bindings\ScriptingBindings.cpp">
      <Filter>Scripting\Bindings</Filter>
    </ClCompile>
    <ClCompile Include="Scripting\Bindings\UtilsBindings.cpp">
      <Filter>Scripting\Bindings</Filter>
    </ClCompile>
    <ClCompile Include="Audio\Audio.cpp">
      <Filter>Audio</Filter>
    </ClCompile>
    <ClCompile Include="Audio\Sound.cpp">
      <Filter>Audio</Filter>
    </ClCompile>
    <ClCompile Include="Audio\SoundEmitter.cpp">
      <Filter>Audio</Filter>
    </ClCompile>
    <ClCompile Include="Scripting\Bindings\AudioBindings.cpp">
      <Filter>Scripting\Bindings</Filter>
    </ClCompile>
    <ClCompile Include="Scene\SceneReader.cpp">
      <Filter>Scene</Filter>
    </ClCompile>
    <ClCompile Include="Rendering\SceneView.cpp">
      <Filter>Rendering</Filter>
    </ClCompile>
    <ClCompile Include="Geometry\Mesh.cpp">
      <Filter>Geometry</Filter>
    </ClCompile>
    <ClCompile Include="Math\CollisionUtils.cpp">
      <Filter>Math</Filter>
    </ClCompile>
  </ItemGroup>
  <ItemGroup>
    <ClInclude Include="Rendering\Font.h">
      <Filter>Rendering</Filter>
    </ClInclude>
    <ClInclude Include="Rendering\FrameBuffer.h">
      <Filter>Rendering</Filter>
    </ClInclude>
    <ClInclude Include="Rendering\privateFont.h">
      <Filter>Rendering</Filter>
    </ClInclude>
    <ClInclude Include="Rendering\Renderer.h">
      <Filter>Rendering</Filter>
    </ClInclude>
    <ClInclude Include="Rendering\RenderQueue.h">
      <Filter>Rendering</Filter>
    </ClInclude>
    <ClInclude Include="Rendering\Texture.h">
      <Filter>Rendering</Filter>
    </ClInclude>
    <ClInclude Include="Math\BoundingBox.h">
      <Filter>Math</Filter>
    </ClInclude>
    <ClInclude Include="Math\Frustum.h">
      <Filter>Math</Filter>
    </ClInclude>
    <ClInclude Include="Math\mat3.h">
      <Filter>Math</Filter>
    </ClInclude>
    <ClInclude Include="Math\mat4.h">
      <Filter>Math</Filter>
    </ClInclude>
    <ClInclude Include="Math\Plane.h">
      <Filter>Math</Filter>
    </ClInclude>
    <ClInclude Include="Math\vec2.h">
      <Filter>Math</Filter>
    </ClInclude>
    <ClInclude Include="Math\vec3.h">
      <Filter>Math</Filter>
    </ClInclude>
    <ClInclude Include="Math\vec4.h">
      <Filter>Math</Filter>
    </ClInclude>
    <ClInclude Include="Application\Application.h">
      <Filter>Application</Filter>
    </ClInclude>
    <ClInclude Include="Geometry\Geometry.h">
      <Filter>Geometry</Filter>
    </ClInclude>
    <ClInclude Include="Geometry\GeometryGenerator.h">
      <Filter>Geometry</Filter>
    </ClInclude>
    <ClInclude Include="Utils\Filesystem.h">
      <Filter>Utils</Filter>
    </ClInclude>
    <ClInclude Include="Utils\Image.h">
      <Filter>Utils</Filter>
    </ClInclude>
    <ClInclude Include="Utils\Logger.h">
      <Filter>Utils</Filter>
    </ClInclude>
    <ClInclude Include="Utils\Timer.h">
      <Filter>Utils</Filter>
    </ClInclude>
    <ClInclude Include="Utils\utils.h">
      <Filter>Utils</Filter>
    </ClInclude>
    <ClInclude Include="Scene\Camera.h">
      <Filter>Scene</Filter>
    </ClInclude>
    <ClInclude Include="Scene\Node.h">
      <Filter>Scene</Filter>
    </ClInclude>
    <ClInclude Include="Application\Input.h">
      <Filter>Application</Filter>
    </ClInclude>
    <ClInclude Include="Scene\Light.h">
      <Filter>Scene</Filter>
    </ClInclude>
    <ClInclude Include="ThirdParty\GLEW\glew.h">
      <Filter>ThirdParty\GLEW</Filter>
    </ClInclude>
    <ClInclude Include="ThirdParty\GLEW\wglew.h">
      <Filter>ThirdParty\GLEW</Filter>
    </ClInclude>
    <ClInclude Include="ThirdParty\TinyXML\tinyxml.h">
      <Filter>ThirdParty\TinyXML</Filter>
    </ClInclude>
    <ClInclude Include="ThirdParty\STB\stb_image.h">
      <Filter>ThirdParty\STB</Filter>
    </ClInclude>
    <ClInclude Include="FireCube.h" />
    <ClInclude Include="Math\MathUtils.h">
      <Filter>Math</Filter>
    </ClInclude>
    <ClInclude Include="Utils\StringHash.h">
      <Filter>Utils</Filter>
    </ClInclude>
    <ClInclude Include="Core\Object.h">
      <Filter>Core</Filter>
    </ClInclude>
    <ClInclude Include="Core\Component.h">
      <Filter>Core</Filter>
    </ClInclude>
    <ClInclude Include="Rendering\GraphicsResource.h">
      <Filter>Rendering</Filter>
    </ClInclude>
    <ClInclude Include="Core\Engine.h">
      <Filter>Core</Filter>
    </ClInclude>
    <ClInclude Include="Rendering\VertexBuffer.h">
      <Filter>Rendering</Filter>
    </ClInclude>
    <ClInclude Include="Rendering\IndexBuffer.h">
      <Filter>Rendering</Filter>
    </ClInclude>
    <ClInclude Include="Rendering\ShaderTemplate.h">
      <Filter>Rendering</Filter>
    </ClInclude>
    <ClInclude Include="Rendering\RenderingTypes.h">
      <Filter>Rendering</Filter>
    </ClInclude>
    <ClInclude Include="Rendering\Shader.h">
      <Filter>Rendering</Filter>
    </ClInclude>
    <ClInclude Include="Rendering\Technique.h">
      <Filter>Rendering</Filter>
    </ClInclude>
    <ClInclude Include="Core\Resource.h">
      <Filter>Core</Filter>
    </ClInclude>
    <ClInclude Include="Core\Variant.h">
      <Filter>Core</Filter>
    </ClInclude>
    <ClInclude Include="Math\Ray.h">
      <Filter>Math</Filter>
    </ClInclude>
    <ClInclude Include="Math\Math.h">
      <Filter>Math</Filter>
    </ClInclude>
    <ClInclude Include="Geometry\CollisionQuery.h">
      <Filter>Geometry</Filter>
    </ClInclude>
    <ClInclude Include="Rendering\DebugRenderer.h">
      <Filter>Rendering</Filter>
    </ClInclude>
    <ClInclude Include="Rendering\RenderPath.h">
      <Filter>Rendering</Filter>
    </ClInclude>
    <ClInclude Include="Core\ResourceCache.h">
      <Filter>Core</Filter>
    </ClInclude>
    <ClInclude Include="Rendering\RenderSurface.h">
      <Filter>Rendering</Filter>
    </ClInclude>
    <ClInclude Include="Core\Memory.h">
      <Filter>Core</Filter>
    </ClInclude>
    <ClInclude Include="Scene\OrbitCamera.h">
      <Filter>Scene</Filter>
    </ClInclude>
    <ClInclude Include="Physics\CollisionShape.h">
      <Filter>Physics</Filter>
    </ClInclude>
    <ClInclude Include="Physics\PhysicsWorld.h">
      <Filter>Physics</Filter>
    </ClInclude>
    <ClInclude Include="Core\EventSystem.h">
      <Filter>Core</Filter>
    </ClInclude>
    <ClInclude Include="Core\Events.h">
      <Filter>Core</Filter>
    </ClInclude>
    <ClInclude Include="Physics\CharacterController.h">
      <Filter>Physics</Filter>
    </ClInclude>
    <ClInclude Include="Math\quat.h">
      <Filter>Math</Filter>
    </ClInclude>
    <ClInclude Include="ThirdParty\STB\stb_image_write.h">
      <Filter>ThirdParty\STB</Filter>
    </ClInclude>
    <ClInclude Include="Rendering\Frame.h">
      <Filter>Rendering</Filter>
    </ClInclude>
    <ClInclude Include="UI\UI.h">
      <Filter>UI</Filter>
    </ClInclude>
    <ClInclude Include="UI\UIElement.h">
      <Filter>UI</Filter>
    </ClInclude>
    <ClInclude Include="UI\UIText.h">
      <Filter>UI</Filter>
    </ClInclude>
    <ClInclude Include="Scripting\LuaState.h">
      <Filter>Scripting</Filter>
    </ClInclude>
    <ClInclude Include="Scripting\LuaScript.h">
      <Filter>Scripting</Filter>
    </ClInclude>
    <ClInclude Include="Scripting\LuaBindings.h">
      <Filter>Scripting</Filter>
    </ClInclude>
    <ClInclude Include="Scripting\LuaFile.h">
      <Filter>Scripting</Filter>
    </ClInclude>
    <ClInclude Include="Rendering\Material.h">
      <Filter>Rendering</Filter>
    </ClInclude>
    <ClInclude Include="Scene\Terrain.h">
      <Filter>Scene</Filter>
    </ClInclude>
    <ClInclude Include="Scene\AnimatedModel.h">
      <Filter>Scene</Filter>
    </ClInclude>
    <ClInclude Include="Scene\CustomGeometry.h">
      <Filter>Scene</Filter>
    </ClInclude>
    <ClInclude Include="Scene\ParticleEmitter.h">
      <Filter>Scene</Filter>
    </ClInclude>
    <ClInclude Include="Scene\Renderable.h">
      <Filter>Scene</Filter>
    </ClInclude>
    <ClInclude Include="Scene\Scene.h">
      <Filter>Scene</Filter>
    </ClInclude>
    <ClInclude Include="Scene\StaticModel.h">
      <Filter>Scene</Filter>
    </ClInclude>
    <ClInclude Include="Physics\RigidBody.h">
      <Filter>Physics</Filter>
    </ClInclude>
    <ClInclude Include="Scripting\LuaFunction.h">
      <Filter>Scripting</Filter>
    </ClInclude>
    <ClInclude Include="Audio\Audio.h">
      <Filter>Audio</Filter>
    </ClInclude>
    <ClInclude Include="Audio\Sound.h">
      <Filter>Audio</Filter>
    </ClInclude>
    <ClInclude Include="Audio\SoundEmitter.h">
      <Filter>Audio</Filter>
    </ClInclude>
    <ClInclude Include="Scene\SceneReader.h">
      <Filter>Scene</Filter>
    </ClInclude>
    <ClInclude Include="Rendering\SceneView.h">
      <Filter>Rendering</Filter>
    </ClInclude>
    <ClInclude Include="Geometry\Mesh.h">
      <Filter>Geometry</Filter>
    </ClInclude>
    <ClInclude Include="ThirdParty\LuaIntf\LuaCompat.h">
      <Filter>ThirdParty\LuaIntf</Filter>
    </ClInclude>
    <ClInclude Include="ThirdParty\LuaIntf\LuaContext.h">
      <Filter>ThirdParty\LuaIntf</Filter>
    </ClInclude>
    <ClInclude Include="ThirdParty\LuaIntf\LuaIntf.h">
      <Filter>ThirdParty\LuaIntf</Filter>
    </ClInclude>
    <ClInclude Include="ThirdParty\LuaIntf\LuaRef.h">
      <Filter>ThirdParty\LuaIntf</Filter>
    </ClInclude>
    <ClInclude Include="ThirdParty\LuaIntf\LuaState.h">
      <Filter>ThirdParty\LuaIntf</Filter>
    </ClInclude>
    <ClInclude Include="ThirdParty\LuaIntf\QtLuaIntf.h">
      <Filter>ThirdParty\LuaIntf</Filter>
    </ClInclude>
    <ClInclude Include="Math\Octree.h">
      <Filter>Math</Filter>
    </ClInclude>
    <ClInclude Include="Math\CollisionUtils.h">
      <Filter>Math</Filter>
    </ClInclude>
  </ItemGroup>
  <ItemGroup>
    <None Include="Shaders\debugNormals.frag">
      <Filter>Shaders</Filter>
    </None>
    <None Include="Shaders\debugNormals.vert">
      <Filter>Shaders</Filter>
    </None>
    <None Include="Shaders\default.frag">
      <Filter>Shaders</Filter>
    </None>
    <None Include="Shaders\default.vert">
      <Filter>Shaders</Filter>
    </None>
    <None Include="Shaders\font.frag">
      <Filter>Shaders</Filter>
    </None>
    <None Include="Shaders\font.vert">
      <Filter>Shaders</Filter>
    </None>
  </ItemGroup>
</Project>