
Microsoft Visual Studio Solution File, Format Version 11.00
# Visual Studio 2010
Project("{8BC9CEB8-8B4A-11D0-8D11-00A0C91BC942}") = "FireCubeTest", "FireCubeTest.vcxproj", "{AF6EFDA6-3B19-4401-A2E6-B651291E110B}"
EndProject
Global
	GlobalSection(SolutionConfigurationPlatforms) = preSolution
		Debug|Win32 = Debug|Win32
		Release|Win32 = Release|Win32
	EndGlobalSection
	GlobalSection(ProjectConfigurationPlatforms) = postSolution
		{AF6EFDA6-3B19-4401-A2E6-B651291E110B}.Debug|Win32.ActiveCfg = Debug|Win32
		{AF6EFDA6-3B19-4401-A2E6-B651291E110B}.Debug|Win32.Build.0 = Debug|Win32
		{AF6EFDA6-3B19-4401-A2E6-B651291E110B}.Release|Win32.ActiveCfg = Release|Win32
		{AF6EFDA6-3B19-4401-A2E6-B651291E110B}.Release|Win32.Build.0 = Release|Win32
	EndGlobalSection
	GlobalSection(SolutionProperties) = preSolution
		HideSolutionNode = FALSE
	EndGlobalSection
	GlobalSection(SubversionScc) = preSolution
		Svn-Managed = True
		Manager = AnkhSVN - Subversion Support for Visual Studio
	EndGlobalSection
EndGlobal
