<?xml version="1.0" encoding="utf-8"?>
<Project ToolsVersion="4.0" xmlns="http://schemas.microsoft.com/developer/msbuild/2003">
  <ItemGroup>
    <Filter Include="Source Files">
      <UniqueIdentifier>{4FC737F1-C7A5-4376-A066-2A32D752A2FF}</UniqueIdentifier>
      <Extensions>cpp;c;cc;cxx;def;odl;idl;hpj;bat;asm;asmx</Extensions>
    </Filter>
    <Filter Include="Header Files">
      <UniqueIdentifier>{93995380-89BD-4b04-88EB-625FBE52EBFB}</UniqueIdentifier>
      <Extensions>h;hh;hpp;hxx;hm;inl;inc;xsd</Extensions>
    </Filter>
    <Filter Include="Resource Files">
      <UniqueIdentifier>{67DA6AB6-F800-4c08-8B7A-83BB121AAD01}</UniqueIdentifier>
      <Extensions>rc;ico;cur;bmp;dlg;rc2;rct;bin;rgs;gif;jpg;jpeg;jpe;resx;tiff;tif;png;wav;mfcribbon-ms</Extensions>
    </Filter>
    <Filter Include="Commands">
      <UniqueIdentifier>{8c425489-a8af-4d9c-bc6a-9775328ce8a2}</UniqueIdentifier>
    </Filter>
    <Filter Include="Gizmos">
      <UniqueIdentifier>{06e7a75c-ce3f-4e54-8762-e30aa591983f}</UniqueIdentifier>
    </Filter>
    <Filter Include="ThirdParty">
      <UniqueIdentifier>{d2700bb9-d3a7-414b-9933-7383be9f5b47}</UniqueIdentifier>
    </Filter>
    <Filter Include="ThirdParty\TinyXml">
      <UniqueIdentifier>{a42d150d-ce21-4dbb-87ad-aa076e6c349f}</UniqueIdentifier>
    </Filter>
  </ItemGroup>
  <ItemGroup>
    <ClCompile Include="mainframe.cpp">
      <Filter>Source Files</Filter>
    </ClCompile>
    <ClCompile Include="MainFrameImpl.cpp">
      <Filter>Source Files</Filter>
    </ClCompile>
    <ClCompile Include="GLCanvas.cpp">
      <Filter>Source Files</Filter>
    </ClCompile>
    <ClCompile Include="MathUtils.cpp">
      <Filter>Source Files</Filter>
    </ClCompile>
    <ClCompile Include="EditorState.cpp">
      <Filter>Source Files</Filter>
    </ClCompile>
    <ClCompile Include="app.cpp">
      <Filter>Source Files</Filter>
    </ClCompile>
    <ClCompile Include="Commands\TransformCommands.cpp">
      <Filter>Commands</Filter>
    </ClCompile>
    <ClCompile Include="Gizmos\RotateGizmo.cpp">
      <Filter>Gizmos</Filter>
    </ClCompile>
    <ClCompile Include="Gizmos\ScaleGizmo.cpp">
      <Filter>Gizmos</Filter>
    </ClCompile>
    <ClCompile Include="Gizmos\TranslateGizmo.cpp">
      <Filter>Gizmos</Filter>
    </ClCompile>
    <ClCompile Include="Commands\AddNodeCommand.cpp">
      <Filter>Commands</Filter>
    </ClCompile>
    <ClCompile Include="Commands\RemoveNodeCommand.cpp">
      <Filter>Commands</Filter>
    </ClCompile>
    <ClCompile Include="Commands\GroupCommand.cpp">
      <Filter>Commands</Filter>
    </ClCompile>
    <ClCompile Include="Commands\AddComponentCommand.cpp">
      <Filter>Commands</Filter>
    </ClCompile>
    <ClCompile Include="..\..\FireCube\ThirdParty\TinyXML\tinyxml.cpp">
      <Filter>ThirdParty\TinyXml</Filter>
    </ClCompile>
    <ClCompile Include="..\..\FireCube\ThirdParty\TinyXML\tinyxmlerror.cpp">
      <Filter>ThirdParty\TinyXml</Filter>
    </ClCompile>
    <ClCompile Include="..\..\FireCube\ThirdParty\TinyXML\tinyxmlparser.cpp">
      <Filter>ThirdParty\TinyXml</Filter>
    </ClCompile>
    <ClCompile Include="SceneWriter.cpp">
      <Filter>Source Files</Filter>
    </ClCompile>
    <ClCompile Include="Commands\RenameNodeCommand.cpp">
      <Filter>Commands</Filter>
    </ClCompile>
  </ItemGroup>
  <ItemGroup>
    <ClInclude Include="app.h">
      <Filter>Header Files</Filter>
    </ClInclude>
    <ClInclude Include="mainframe.h">
      <Filter>Header Files</Filter>
    </ClInclude>
    <ClInclude Include="MainFrameImpl.h">
      <Filter>Header Files</Filter>
    </ClInclude>
    <ClInclude Include="GLCanvas.h">
      <Filter>Header Files</Filter>
    </ClInclude>
    <ClInclude Include="Types.h">
      <Filter>Header Files</Filter>
    </ClInclude>
    <ClInclude Include="MathUtils.h">
      <Filter>Header Files</Filter>
    </ClInclude>
    <ClInclude Include="EditorState.h">
      <Filter>Header Files</Filter>
    </ClInclude>
    <ClInclude Include="Commands\Command.h">
      <Filter>Commands</Filter>
    </ClInclude>
    <ClInclude Include="Commands\TransformCommands.h">
      <Filter>Commands</Filter>
    </ClInclude>
    <ClInclude Include="Gizmos\RotateGizmo.h">
      <Filter>Gizmos</Filter>
    </ClInclude>
    <ClInclude Include="Gizmos\ScaleGizmo.h">
      <Filter>Gizmos</Filter>
    </ClInclude>
    <ClInclude Include="Gizmos\TransformGizmo.h">
      <Filter>Gizmos</Filter>
    </ClInclude>
    <ClInclude Include="Gizmos\TranslateGizmo.h">
      <Filter>Gizmos</Filter>
    </ClInclude>
    <ClInclude Include="Commands\AddNodeCommand.h">
      <Filter>Commands</Filter>
    </ClInclude>
    <ClInclude Include="Commands\RemoveNodeCommand.h">
      <Filter>Commands</Filter>
    </ClInclude>
    <ClInclude Include="Commands\GroupCommand.h">
      <Filter>Commands</Filter>
    </ClInclude>
    <ClInclude Include="Commands\AddComponentCommand.h">
      <Filter>Commands</Filter>
    </ClInclude>
    <ClInclude Include="..\..\FireCube\ThirdParty\TinyXML\tinyxml.h">
      <Filter>ThirdParty\TinyXml</Filter>
    </ClInclude>
    <ClInclude Include="SceneWriter.h">
      <Filter>Header Files</Filter>
    </ClInclude>
    <ClInclude Include="SceneSettings.h">
      <Filter>Header Files</Filter>
    </ClInclude>
    <ClInclude Include="Commands\RenameNodeCommand.h">
      <Filter>Commands</Filter>
    </ClInclude>
  </ItemGroup>
</Project>