<?xml version="1.0" encoding="utf-8"?>
<Project ToolsVersion="4.0" xmlns="http://schemas.microsoft.com/developer/msbuild/2003">
  <ItemGroup>
    <Filter Include="Source Files">
      <UniqueIdentifier>{4FC737F1-C7A5-4376-A066-2A32D752A2FF}</UniqueIdentifier>
      <Extensions>cpp;c;cc;cxx;def;odl;idl;hpj;bat;asm;asmx</Extensions>
    </Filter>
    <Filter Include="Header Files">
      <UniqueIdentifier>{93995380-89BD-4b04-88EB-625FBE52EBFB}</UniqueIdentifier>
      <Extensions>h;hh;hpp;hxx;hm;inl;inc;xsd</Extensions>
    </Filter>
    <Filter Include="Resource Files">
      <UniqueIdentifier>{67DA6AB6-F800-4c08-8B7A-83BB121AAD01}</UniqueIdentifier>
      <Extensions>rc;ico;cur;bmp;dlg;rc2;rct;bin;rgs;gif;jpg;jpeg;jpe;resx;tiff;tif;png;wav;mfcribbon-ms</Extensions>
    </Filter>
    <Filter Include="Commands">
      <UniqueIdentifier>{8c425489-a8af-4d9c-bc6a-9775328ce8a2}</UniqueIdentifier>
    </Filter>
    <Filter Include="Gizmos">
      <UniqueIdentifier>{06e7a75c-ce3f-4e54-8762-e30aa591983f}</UniqueIdentifier>
    </Filter>
    <Filter Include="ThirdParty">
      <UniqueIdentifier>{d2700bb9-d3a7-414b-9933-7383be9f5b47}</UniqueIdentifier>
    </Filter>
    <Filter Include="ThirdParty\TinyXml">
      <UniqueIdentifier>{a42d150d-ce21-4dbb-87ad-aa076e6c349f}</UniqueIdentifier>
    </Filter>
    <Filter Include="Descriptors">
      <UniqueIdentifier>{1e243b83-a830-4f2b-80d7-808c93945ba9}</UniqueIdentifier>
    </Filter>
    <Filter Include="ThirdParty\imgui">
      <UniqueIdentifier>{96341449-8992-44cb-9584-9e999cf695ff}</UniqueIdentifier>
    </Filter>
    <Filter Include="ThirdParty\IconFontCppHeaders">
      <UniqueIdentifier>{8ec4e22f-252d-485a-9354-4f501b5b4d62}</UniqueIdentifier>
    </Filter>
  </ItemGroup>
  <ItemGroup>
    <ClCompile Include="MathUtils.cpp">
      <Filter>Source Files</Filter>
    </ClCompile>
    <ClCompile Include="EditorState.cpp">
      <Filter>Source Files</Filter>
    </ClCompile>
    <ClCompile Include="app.cpp">
      <Filter>Source Files</Filter>
    </ClCompile>
    <ClCompile Include="Commands\TransformCommands.cpp">
      <Filter>Commands</Filter>
    </ClCompile>
    <ClCompile Include="Gizmos\RotateGizmo.cpp">
      <Filter>Gizmos</Filter>
    </ClCompile>
    <ClCompile Include="Gizmos\ScaleGizmo.cpp">
      <Filter>Gizmos</Filter>
    </ClCompile>
    <ClCompile Include="Gizmos\TranslateGizmo.cpp">
      <Filter>Gizmos</Filter>
    </ClCompile>
    <ClCompile Include="Commands\AddNodeCommand.cpp">
      <Filter>Commands</Filter>
    </ClCompile>
    <ClCompile Include="Commands\RemoveNodeCommand.cpp">
      <Filter>Commands</Filter>
    </ClCompile>
    <ClCompile Include="Commands\GroupCommand.cpp">
      <Filter>Commands</Filter>
    </ClCompile>
    <ClCompile Include="Commands\AddComponentCommand.cpp">
      <Filter>Commands</Filter>
    </ClCompile>
    <ClCompile Include="..\..\FireCube\ThirdParty\TinyXML\tinyxml.cpp">
      <Filter>ThirdParty\TinyXml</Filter>
    </ClCompile>
    <ClCompile Include="..\..\FireCube\ThirdParty\TinyXML\tinyxmlerror.cpp">
      <Filter>ThirdParty\TinyXml</Filter>
    </ClCompile>
    <ClCompile Include="..\..\FireCube\ThirdParty\TinyXML\tinyxmlparser.cpp">
      <Filter>ThirdParty\TinyXml</Filter>
    </ClCompile>
    <ClCompile Include="SceneWriter.cpp">
      <Filter>Source Files</Filter>
    </ClCompile>
    <ClCompile Include="Commands\RenameNodeCommand.cpp">
      <Filter>Commands</Filter>
    </ClCompile>
    <ClCompile Include="Commands\RemoveComponentCommand.cpp">
      <Filter>Commands</Filter>
    </ClCompile>
    <ClCompile Include="Commands\CustomCommand.cpp">
      <Filter>Commands</Filter>
    </ClCompile>
    <ClCompile Include="AssetUtils.cpp">
      <Filter>Source Files</Filter>
    </ClCompile>
    <ClCompile Include="SceneReader.cpp">
      <Filter>Source Files</Filter>
    </ClCompile>
    <ClCompile Include="Descriptors\CharacterControllerDescriptor.cpp">
      <Filter>Descriptors</Filter>
    </ClCompile>
    <ClCompile Include="Descriptors\CollisionShapeDescriptor.cpp">
      <Filter>Descriptors</Filter>
    </ClCompile>
    <ClCompile Include="Descriptors\ComponentDescriptor.cpp">
      <Filter>Descriptors</Filter>
    </ClCompile>
    <ClCompile Include="Descriptors\LightDescriptor.cpp">
      <Filter>Descriptors</Filter>
    </ClCompile>
    <ClCompile Include="Descriptors\LuaScriptDescriptor.cpp">
      <Filter>Descriptors</Filter>
    </ClCompile>
    <ClCompile Include="Descriptors\NodeDescriptor.cpp">
      <Filter>Descriptors</Filter>
    </ClCompile>
    <ClCompile Include="Descriptors\PhysicsWorldDescriptor.cpp">
      <Filter>Descriptors</Filter>
    </ClCompile>
    <ClCompile Include="Descriptors\StaticModelDescriptor.cpp">
      <Filter>Descriptors</Filter>
    </ClCompile>
    <ClCompile Include="Commands\ReparentNodeCommand.cpp">
      <Filter>Commands</Filter>
    </ClCompile>
    <ClCompile Include="Descriptors\BoxDescriptor.cpp">
      <Filter>Descriptors</Filter>
    </ClCompile>
    <ClCompile Include="Descriptors\RigidBodyDescriptor.cpp">
      <Filter>Descriptors</Filter>
    </ClCompile>
    <ClCompile Include="Descriptors\PlaneDescriptor.cpp">
      <Filter>Descriptors</Filter>
    </ClCompile>
    <ClCompile Include="Descriptors\SphereDescriptor.cpp">
      <Filter>Descriptors</Filter>
    </ClCompile>
    <ClCompile Include="Descriptors\ParticleEmitterDescriptor.cpp">
      <Filter>Descriptors</Filter>
    </ClCompile>
    <ClCompile Include="Descriptors\CameraDescriptor.cpp">
      <Filter>Descriptors</Filter>
    </ClCompile>
    <ClCompile Include="EditorWindow.cpp">
      <Filter>Source Files</Filter>
    </ClCompile>
    <ClCompile Include="HierarchyWindow.cpp">
      <Filter>Source Files</Filter>
    </ClCompile>
    <ClCompile Include="InspectorWindow.cpp">
      <Filter>Source Files</Filter>
    </ClCompile>
    <ClCompile Include="ImguiHelpers.cpp">
      <Filter>Source Files</Filter>
    </ClCompile>
    <ClCompile Include="AssetBrowserWindow.cpp">
      <Filter>Source Files</Filter>
    </ClCompile>
    <ClCompile Include="AuxRenderWindow.cpp">
      <Filter>Source Files</Filter>
    </ClCompile>
    <ClCompile Include="StaticModelWindow.cpp">
      <Filter>Source Files</Filter>
    </ClCompile>
    <ClCompile Include="LightWindow.cpp">
      <Filter>Source Files</Filter>
    </ClCompile>
    <ClCompile Include="LuaScriptWindow.cpp">
      <Filter>Source Files</Filter>
    </ClCompile>
    <ClCompile Include="CollisionShapeWindow.cpp">
      <Filter>Source Files</Filter>
    </ClCompile>
    <ClCompile Include="CharacterControllerWindow.cpp">
      <Filter>Source Files</Filter>
    </ClCompile>
    <ClCompile Include="BoxWindow.cpp">
      <Filter>Source Files</Filter>
    </ClCompile>
    <ClCompile Include="RigidBodyWindow.cpp">
      <Filter>Source Files</Filter>
    </ClCompile>
    <ClCompile Include="PlaneWindow.cpp">
      <Filter>Source Files</Filter>
    </ClCompile>
    <ClCompile Include="SphereWindow.cpp">
      <Filter>Source Files</Filter>
    </ClCompile>
    <ClCompile Include="ParticleEmitterWindow.cpp">
      <Filter>Source Files</Filter>
    </ClCompile>
    <ClCompile Include="CameraWindow.cpp">
      <Filter>Source Files</Filter>
    </ClCompile>
    <ClCompile Include="MaterialEditorWindow.cpp">
      <Filter>Source Files</Filter>
    </ClCompile>
    <ClCompile Include="Project.cpp">
      <Filter>Source Files</Filter>
    </ClCompile>
    <ClCompile Include="ThirdParty\imgui\imgui_impl_opengl3.cpp">
      <Filter>ThirdParty\imgui</Filter>
    </ClCompile>
    <ClCompile Include="ThirdParty\imgui\imgui_impl_sdl.cpp">
      <Filter>ThirdParty\imgui</Filter>
    </ClCompile>
    <ClCompile Include="ThirdParty\imgui\imgui.cpp">
      <Filter>ThirdParty\imgui</Filter>
    </ClCompile>
    <ClCompile Include="ThirdParty\imgui\imgui_demo.cpp">
      <Filter>ThirdParty\imgui</Filter>
    </ClCompile>
    <ClCompile Include="ThirdParty\imgui\imgui_draw.cpp">
      <Filter>ThirdParty\imgui</Filter>
    </ClCompile>
    <ClCompile Include="ThirdParty\imgui\imgui_widgets.cpp">
      <Filter>ThirdParty\imgui</Filter>
    </ClCompile>
    <ClCompile Include="Descriptors\TerrainDescriptor.cpp">
      <Filter>Descriptors</Filter>
    </ClCompile>
    <ClCompile Include="TerrainWindow.cpp">
      <Filter>Source Files</Filter>
    </ClCompile>
    <ClCompile Include="GridWindow.cpp">
      <Filter>Source Files</Filter>
    </ClCompile>
    <ClCompile Include="Descriptors\GridDescriptor.cpp">
      <Filter>Descriptors</Filter>
    </ClCompile>
    <ClCompile Include="AssetWindow.cpp">
      <Filter>Source Files</Filter>
    </ClCompile>
    <ClCompile Include="RenderingWindow.cpp">
      <Filter>Source Files</Filter>
    </ClCompile>
  </ItemGroup>
  <ItemGroup>
    <ClInclude Include="app.h">
      <Filter>Header Files</Filter>
    </ClInclude>
    <ClInclude Include="Types.h">
      <Filter>Header Files</Filter>
    </ClInclude>
    <ClInclude Include="MathUtils.h">
      <Filter>Header Files</Filter>
    </ClInclude>
    <ClInclude Include="EditorState.h">
      <Filter>Header Files</Filter>
    </ClInclude>
    <ClInclude Include="Commands\Command.h">
      <Filter>Commands</Filter>
    </ClInclude>
    <ClInclude Include="Commands\TransformCommands.h">
      <Filter>Commands</Filter>
    </ClInclude>
    <ClInclude Include="Gizmos\RotateGizmo.h">
      <Filter>Gizmos</Filter>
    </ClInclude>
    <ClInclude Include="Gizmos\ScaleGizmo.h">
      <Filter>Gizmos</Filter>
    </ClInclude>
    <ClInclude Include="Gizmos\TransformGizmo.h">
      <Filter>Gizmos</Filter>
    </ClInclude>
    <ClInclude Include="Gizmos\TranslateGizmo.h">
      <Filter>Gizmos</Filter>
    </ClInclude>
    <ClInclude Include="Commands\AddNodeCommand.h">
      <Filter>Commands</Filter>
    </ClInclude>
    <ClInclude Include="Commands\RemoveNodeCommand.h">
      <Filter>Commands</Filter>
    </ClInclude>
    <ClInclude Include="Commands\GroupCommand.h">
      <Filter>Commands</Filter>
    </ClInclude>
    <ClInclude Include="Commands\AddComponentCommand.h">
      <Filter>Commands</Filter>
    </ClInclude>
    <ClInclude Include="..\..\FireCube\ThirdParty\TinyXML\tinyxml.h">
      <Filter>ThirdParty\TinyXml</Filter>
    </ClInclude>
    <ClInclude Include="SceneWriter.h">
      <Filter>Header Files</Filter>
    </ClInclude>
    <ClInclude Include="Commands\RenameNodeCommand.h">
      <Filter>Commands</Filter>
    </ClInclude>
    <ClInclude Include="Commands\RemoveComponentCommand.h">
      <Filter>Commands</Filter>
    </ClInclude>
    <ClInclude Include="Commands\CustomCommand.h">
      <Filter>Commands</Filter>
    </ClInclude>
    <ClInclude Include="AssetUtils.h">
      <Filter>Header Files</Filter>
    </ClInclude>
    <ClInclude Include="SceneReader.h">
      <Filter>Header Files</Filter>
    </ClInclude>
    <ClInclude Include="Descriptors\CharacterControllerDescriptor.h">
      <Filter>Descriptors</Filter>
    </ClInclude>
    <ClInclude Include="Descriptors\CollisionShapeDescriptor.h">
      <Filter>Descriptors</Filter>
    </ClInclude>
    <ClInclude Include="Descriptors\ComponentDescriptor.h">
      <Filter>Descriptors</Filter>
    </ClInclude>
    <ClInclude Include="Descriptors\LightDescriptor.h">
      <Filter>Descriptors</Filter>
    </ClInclude>
    <ClInclude Include="Descriptors\LuaScriptDescriptor.h">
      <Filter>Descriptors</Filter>
    </ClInclude>
    <ClInclude Include="Descriptors\NodeDescriptor.h">
      <Filter>Descriptors</Filter>
    </ClInclude>
    <ClInclude Include="Descriptors\PhysicsWorldDescriptor.h">
      <Filter>Descriptors</Filter>
    </ClInclude>
    <ClInclude Include="Descriptors\StaticModelDescriptor.h">
      <Filter>Descriptors</Filter>
    </ClInclude>
    <ClInclude Include="Commands\ReparentNodeCommand.h">
      <Filter>Commands</Filter>
    </ClInclude>
    <ClInclude Include="Descriptors\BoxDescriptor.h">
      <Filter>Descriptors</Filter>
    </ClInclude>
    <ClInclude Include="Descriptors\RigidBodyDescriptor.h">
      <Filter>Descriptors</Filter>
    </ClInclude>
    <ClInclude Include="Descriptors\PlaneDescriptor.h">
      <Filter>Descriptors</Filter>
    </ClInclude>
    <ClInclude Include="Descriptors\SphereDescriptor.h">
      <Filter>Descriptors</Filter>
    </ClInclude>
    <ClInclude Include="Descriptors\ParticleEmitterDescriptor.h">
      <Filter>Descriptors</Filter>
    </ClInclude>
    <ClInclude Include="Descriptors\CameraDescriptor.h">
      <Filter>Descriptors</Filter>
    </ClInclude>
    <ClInclude Include="ThirdParty\imgui\imgui_user.h">
      <Filter>ThirdParty\imgui</Filter>
    </ClInclude>
    <ClInclude Include="EditorWindow.h">
      <Filter>Source Files</Filter>
    </ClInclude>
    <ClInclude Include="HierarchyWindow.h">
      <Filter>Source Files</Filter>
    </ClInclude>
    <ClInclude Include="InspectorWindow.h">
      <Filter>Source Files</Filter>
    </ClInclude>
    <ClInclude Include="ImguiHelpers.h">
      <Filter>Source Files</Filter>
    </ClInclude>
    <ClInclude Include="AssetBrowserWindow.h">
      <Filter>Source Files</Filter>
    </ClInclude>
    <ClInclude Include="AuxRenderWindow.h">
      <Filter>Source Files</Filter>
    </ClInclude>
    <ClInclude Include="StaticModelWindow.h">
      <Filter>Source Files</Filter>
    </ClInclude>
    <ClInclude Include="LightWindow.h">
      <Filter>Source Files</Filter>
    </ClInclude>
    <ClInclude Include="LuaScriptWindow.h">
      <Filter>Source Files</Filter>
    </ClInclude>
    <ClInclude Include="CollisionShapeWindow.h">
      <Filter>Source Files</Filter>
    </ClInclude>
    <ClInclude Include="CharacterControllerWindow.h">
      <Filter>Source Files</Filter>
    </ClInclude>
    <ClInclude Include="BoxWindow.h">
      <Filter>Source Files</Filter>
    </ClInclude>
    <ClInclude Include="RigidBodyWindow.h">
      <Filter>Source Files</Filter>
    </ClInclude>
    <ClInclude Include="PlaneWindow.h">
      <Filter>Source Files</Filter>
    </ClInclude>
    <ClInclude Include="SphereWindow.h">
      <Filter>Source Files</Filter>
    </ClInclude>
    <ClInclude Include="ParticleEmitterWindow.h">
      <Filter>Source Files</Filter>
    </ClInclude>
    <ClInclude Include="CameraWindow.h">
      <Filter>Source Files</Filter>
    </ClInclude>
    <ClInclude Include="MaterialEditorWindow.h">
      <Filter>Source Files</Filter>
    </ClInclude>
    <ClInclude Include="Project.h">
      <Filter>Source Files</Filter>
    </ClInclude>
    <ClInclude Include="ThirdParty\IconFontCppHeaders\IconsForkAwesome.h">
      <Filter>ThirdParty\IconFontCppHeaders</Filter>
    </ClInclude>
    <ClInclude Include="ThirdParty\imgui\imgui_impl_opengl3.h">
      <Filter>ThirdParty\imgui</Filter>
    </ClInclude>
    <ClInclude Include="ThirdParty\imgui\imgui_impl_sdl.h">
      <Filter>ThirdParty\imgui</Filter>
    </ClInclude>
    <ClInclude Include="ThirdParty\imgui\imconfig.h">
      <Filter>ThirdParty\imgui</Filter>
    </ClInclude>
    <ClInclude Include="ThirdParty\imgui\imgui.h">
      <Filter>ThirdParty\imgui</Filter>
    </ClInclude>
    <ClInclude Include="ThirdParty\imgui\imgui_internal.h">
      <Filter>ThirdParty\imgui</Filter>
    </ClInclude>
    <ClInclude Include="ThirdParty\imgui\imstb_rectpack.h">
      <Filter>ThirdParty\imgui</Filter>
    </ClInclude>
    <ClInclude Include="ThirdParty\imgui\imstb_textedit.h">
      <Filter>ThirdParty\imgui</Filter>
    </ClInclude>
    <ClInclude Include="ThirdParty\imgui\imstb_truetype.h">
      <Filter>ThirdParty\imgui</Filter>
    </ClInclude>
    <ClInclude Include="Descriptors\TerrainDescriptor.h">
      <Filter>Descriptors</Filter>
    </ClInclude>
    <ClInclude Include="TerrainWindow.h">
      <Filter>Source Files</Filter>
    </ClInclude>
    <ClInclude Include="GridWindow.h">
      <Filter>Source Files</Filter>
    </ClInclude>
    <ClInclude Include="Descriptors\GridDescriptor.h">
      <Filter>Descriptors</Filter>
    </ClInclude>
    <ClInclude Include="AssetWindow.h">
      <Filter>Source Files</Filter>
    </ClInclude>
    <ClInclude Include="RenderingWindow.h">
      <Filter>Source Files</Filter>
    </ClInclude>
  </ItemGroup>
</Project>